Microsoft Visual Studio Solution File, Format Version 12.00
# Visual Studio Version 17
VisualStudioVersion = 17.13.35931.197
MinimumVisualStudioVersion = 10.0.40219.1
Project("{FAE04EC0-301F-11D3-BF4B-00C04F79EFBC}") = "SM.EmployeeAffairs", "SM.EmployeeAffairs\SM.EmployeeAffairs.csproj", "{2C3369F1-D96B-4658-89DA-AEC21344A95F}"
EndProject
Project("{FAE04EC0-301F-11D3-BF4B-00C04F79EFBC}") = "SM.EmployeeAffairs.Tests", "SM.EmployeeAffairs.Tests\SM.EmployeeAffairs.Tests.csproj", "{E9867061-D721-0AB2-994A-51F21867CA14}"
EndProject
Global
	GlobalSection(SolutionConfigurationPlatforms) = preSolution
		Debug|Any CPU = Debug|Any CPU
		Release|Any CPU = Release|Any CPU
	EndGlobalSection
	GlobalSection(ProjectConfigurationPlatforms) = postSolution
		{2C3369F1-D96B-4658-89DA-AEC21344A95F}.Debug|Any CPU.ActiveCfg = Debug|Any CPU
		{2C3369F1-D96B-4658-89DA-AEC21344A95F}.Debug|Any CPU.Build.0 = Debug|Any CPU
		{2C3369F1-D96B-4658-89DA-AEC21344A95F}.Release|Any CPU.ActiveCfg = Release|Any CPU
		{2C3369F1-D96B-4658-89DA-AEC21344A95F}.Release|Any CPU.Build.0 = Release|Any CPU
		{E9867061-D721-0AB2-994A-51F21867CA14}.Debug|Any CPU.ActiveCfg = Debug|Any CPU
		{E9867061-D721-0AB2-994A-51F21867CA14}.Debug|Any CPU.Build.0 = Debug|Any CPU
		{E9867061-D721-0AB2-994A-51F21867CA14}.Release|Any CPU.ActiveCfg = Release|Any CPU
		{E9867061-D721-0AB2-994A-51F21867CA14}.Release|Any CPU.Build.0 = Release|Any CPU
	EndGlobalSection
	GlobalSection(SolutionProperties) = preSolution
		HideSolutionNode = FALSE
	EndGlobalSection
	GlobalSection(ExtensibilityGlobals) = postSolution
		SolutionGuid = {0E620586-E362-44C2-9667-1422D3F02C1A}
	EndGlobalSection
EndGlobal
